Microsoft Visual Studio Solution File, Format Version 12.00
# Visual Studio Version 16
VisualStudioVersion = 16.0.29409.12
MinimumVisualStudioVersion = 10.0.40219.1
Project("{9A19103F-16F7-4668-BE54-9A1E7A4F7556}") = "DayPrinter", "DayPrinter\DayPrinter.csproj", "{B3E76AAA-3BE8-49C7-A831-64EF68C6F28D}"
EndProject
Project("{9A19103F-16F7-4668-BE54-9A1E7A4F7556}") = "ElseIf", "ElseIf\ElseIf.csproj", "{C7008ACC-EE4B-49CC-B7FB-5F9F95E257A9}"
EndProject
Project("{9A19103F-16F7-4668-BE54-9A1E7A4F7556}") = "TempConv", "TempConv\TempConv.csproj", "{6D18F93D-E26F-4FF4-ABF2-1450FD9FB19D}"
EndProject
Project("{9A19103F-16F7-4668-BE54-9A1E7A4F7556}") = "HelloMethods", "HelloMethods\HelloMethods.csproj", "{9B69E0D2-FBD5-4FB4-9D40-768AE4F57300}"
EndProject
Project("{9A19103F-16F7-4668-BE54-9A1E7A4F7556}") = "Gradebook", "Gradebook\Gradebook.csproj", "{9E08496B-2501-4CBF-844F-8FD7BA97F4E6}"
EndProject
Project("{9A19103F-16F7-4668-BE54-9A1E7A4F7556}") = "GradebookDict", "GradebookDict\GradebookDict.csproj", "{EFCB1B91-2E92-478F-BFF7-013FF6911DCC}"
EndProject
Project("{9A19103F-16F7-4668-BE54-9A1E7A4F7556}") = "GradebookArray", "GradebookArray\GradebookArray.csproj", "{89051A0E-8D18-48C3-B4E6-D05F62D252CE}"
EndProject
Project("{9A19103F-16F7-4668-BE54-9A1E7A4F7556}") = "HelloWorld", "HelloWorld\HelloWorld.csproj", "{0A8313D4-67FB-4963-8776-1CA19962AE8B}"
EndProject
Project("{9A19103F-16F7-4668-BE54-9A1E7A4F7556}") = "Prep3.1Exercise1", "HelloWorldInputOutput\Prep3.1Exercise1.csproj", "{13C2EA98-94B1-4611-A410-B5054613FC93}"
EndProject
Project("{9A19103F-16F7-4668-BE54-9A1E7A4F7556}") = "Prep3.1Exercise2", "HelloWorldRectangle\Prep3.1Exercise2.csproj", "{DF29232A-4578-42F8-AD4A-E7E63ED399A0}"
EndProject
Project("{9A19103F-16F7-4668-BE54-9A1E7A4F7556}") = "Prep3.1Exercise3", "Prep3.1NumericTypes2\Prep3.1Exercise3.csproj", "{515F63A6-64FB-403A-BE77-1942F562FFE0}"
EndProject
Project("{9A19103F-16F7-4668-BE54-9A1E7A4F7556}") = "Prep3.1Exercise4", "Prep3.1Strings\Prep3.1Exercise4.csproj", "{20A66D31-4322-4811-B9E6-98C6C4E83FD4}"
EndProject
Project("{9A19103F-16F7-4668-BE54-9A1E7A4F7556}") = "WorkingWithStrings", "WorkingWithStrings\WorkingWithStrings.csproj", "{07550557-3289-415C-874C-B3225D227FB7}"
EndProject
Project("{FAE04EC0-301F-11D3-BF4B-00C04F79EFBC}") = "VisualStudioDemo", "VisualStudioDemo\VisualStudioDemo.csproj", "{378EFAB0-63C6-4A7B-8468-A68021D1B9F3}"
EndProject
Global
	GlobalSection(SolutionConfigurationPlatforms) = preSolution
		Debug|Any CPU = Debug|Any CPU
		Release|Any CPU = Release|Any CPU
	EndGlobalSection
	GlobalSection(ProjectConfigurationPlatforms) = postSolution
		{B3E76AAA-3BE8-49C7-A831-64EF68C6F28D}.Debug|Any CPU.ActiveCfg = Debug|Any CPU
		{B3E76AAA-3BE8-49C7-A831-64EF68C6F28D}.Debug|Any CPU.Build.0 = Debug|Any CPU
		{B3E76AAA-3BE8-49C7-A831-64EF68C6F28D}.Release|Any CPU.ActiveCfg = Release|Any CPU
		{B3E76AAA-3BE8-49C7-A831-64EF68C6F28D}.Release|Any CPU.Build.0 = Release|Any CPU
		{C7008ACC-EE4B-49CC-B7FB-5F9F95E257A9}.Debug|Any CPU.ActiveCfg = Debug|Any CPU
		{C7008ACC-EE4B-49CC-B7FB-5F9F95E257A9}.Debug|Any CPU.Build.0 = Debug|Any CPU
		{C7008ACC-EE4B-49CC-B7FB-5F9F95E257A9}.Release|Any CPU.ActiveCfg = Release|Any CPU
		{C7008ACC-EE4B-49CC-B7FB-5F9F95E257A9}.Release|Any CPU.Build.0 = Release|Any CPU
		{6D18F93D-E26F-4FF4-ABF2-1450FD9FB19D}.Debug|Any CPU.ActiveCfg = Debug|Any CPU
		{6D18F93D-E26F-4FF4-ABF2-1450FD9FB19D}.Debug|Any CPU.Build.0 = Debug|Any CPU
		{6D18F93D-E26F-4FF4-ABF2-1450FD9FB19D}.Release|Any CPU.ActiveCfg = Release|Any CPU
		{6D18F93D-E26F-4FF4-ABF2-1450FD9FB19D}.Release|Any CPU.Build.0 = Release|Any CPU
		{9B69E0D2-FBD5-4FB4-9D40-768AE4F57300}.Debug|Any CPU.ActiveCfg = Debug|Any CPU
		{9B69E0D2-FBD5-4FB4-9D40-768AE4F57300}.Debug|Any CPU.Build.0 = Debug|Any CPU
		{9B69E0D2-FBD5-4FB4-9D40-768AE4F57300}.Release|Any CPU.ActiveCfg = Release|Any CPU
		{9B69E0D2-FBD5-4FB4-9D40-768AE4F57300}.Release|Any CPU.Build.0 = Release|Any CPU
		{9E08496B-2501-4CBF-844F-8FD7BA97F4E6}.Debug|Any CPU.ActiveCfg = Debug|Any CPU
		{9E08496B-2501-4CBF-844F-8FD7BA97F4E6}.Debug|Any CPU.Build.0 = Debug|Any CPU
		{9E08496B-2501-4CBF-844F-8FD7BA97F4E6}.Release|Any CPU.ActiveCfg = Release|Any CPU
		{9E08496B-2501-4CBF-844F-8FD7BA97F4E6}.Release|Any CPU.Build.0 = Release|Any CPU
		{EFCB1B91-2E92-478F-BFF7-013FF6911DCC}.Debug|Any CPU.ActiveCfg = Debug|Any CPU
		{EFCB1B91-2E92-478F-BFF7-013FF6911DCC}.Debug|Any CPU.Build.0 = Debug|Any CPU
		{EFCB1B91-2E92-478F-BFF7-013FF6911DCC}.Release|Any CPU.ActiveCfg = Release|Any CPU
		{EFCB1B91-2E92-478F-BFF7-013FF6911DCC}.Release|Any CPU.Build.0 = Release|Any CPU
		{89051A0E-8D18-48C3-B4E6-D05F62D252CE}.Debug|Any CPU.ActiveCfg = Debug|Any CPU
		{89051A0E-8D18-48C3-B4E6-D05F62D252CE}.Debug|Any CPU.Build.0 = Debug|Any CPU
		{89051A0E-8D18-48C3-B4E6-D05F62D252CE}.Release|Any CPU.ActiveCfg = Release|Any CPU
		{89051A0E-8D18-48C3-B4E6-D05F62D252CE}.Release|Any CPU.Build.0 = Release|Any CPU
		{0A8313D4-67FB-4963-8776-1CA19962AE8B}.Debug|Any CPU.ActiveCfg = Debug|Any CPU
		{0A8313D4-67FB-4963-8776-1CA19962AE8B}.Debug|Any CPU.Build.0 = Debug|Any CPU
		{0A8313D4-67FB-4963-8776-1CA19962AE8B}.Release|Any CPU.ActiveCfg = Release|Any CPU
		{0A8313D4-67FB-4963-8776-1CA19962AE8B}.Release|Any CPU.Build.0 = Release|Any CPU
		{13C2EA98-94B1-4611-A410-B5054613FC93}.Debug|Any CPU.ActiveCfg = Debug|Any CPU
		{13C2EA98-94B1-4611-A410-B5054613FC93}.Debug|Any CPU.Build.0 = Debug|Any CPU
		{13C2EA98-94B1-4611-A410-B5054613FC93}.Release|Any CPU.ActiveCfg = Release|Any CPU
		{13C2EA98-94B1-4611-A410-B5054613FC93}.Release|Any CPU.Build.0 = Release|Any CPU
		{DF29232A-4578-42F8-AD4A-E7E63ED399A0}.Debug|Any CPU.ActiveCfg = Debug|Any CPU
		{DF29232A-4578-42F8-AD4A-E7E63ED399A0}.Debug|Any CPU.Build.0 = Debug|Any CPU
		{DF29232A-4578-42F8-AD4A-E7E63ED399A0}.Release|Any CPU.ActiveCfg = Release|Any CPU
		{DF29232A-4578-42F8-AD4A-E7E63ED399A0}.Release|Any CPU.Build.0 = Release|Any CPU
		{515F63A6-64FB-403A-BE77-1942F562FFE0}.Debug|Any CPU.ActiveCfg = Debug|Any CPU
		{515F63A6-64FB-403A-BE77-1942F562FFE0}.Debug|Any CPU.Build.0 = Debug|Any CPU
		{515F63A6-64FB-403A-BE77-1942F562FFE0}.Release|Any CPU.ActiveCfg = Release|Any CPU
		{515F63A6-64FB-403A-BE77-1942F562FFE0}.Release|Any CPU.Build.0 = Release|Any CPU
		{20A66D31-4322-4811-B9E6-98C6C4E83FD4}.Debug|Any CPU.ActiveCfg = Debug|Any CPU
		{20A66D31-4322-4811-B9E6-98C6C4E83FD4}.Debug|Any CPU.Build.0 = Debug|Any CPU
		{20A66D31-4322-4811-B9E6-98C6C4E83FD4}.Release|Any CPU.ActiveCfg = Release|Any CPU
		{20A66D31-4322-4811-B9E6-98C6C4E83FD4}.Release|Any CPU.Build.0 = Release|Any CPU
		{07550557-3289-415C-874C-B3225D227FB7}.Debug|Any CPU.ActiveCfg = Debug|Any CPU
		{07550557-3289-415C-874C-B3225D227FB7}.Debug|Any CPU.Build.0 = Debug|Any CPU
		{07550557-3289-415C-874C-B3225D227FB7}.Release|Any CPU.ActiveCfg = Release|Any CPU
		{07550557-3289-415C-874C-B3225D227FB7}.Release|Any CPU.Build.0 = Release|Any CPU
		{378EFAB0-63C6-4A7B-8468-A68021D1B9F3}.Debug|Any CPU.ActiveCfg = Debug|Any CPU
		{378EFAB0-63C6-4A7B-8468-A68021D1B9F3}.Debug|Any CPU.Build.0 = Debug|Any CPU
		{378EFAB0-63C6-4A7B-8468-A68021D1B9F3}.Release|Any CPU.ActiveCfg = Release|Any CPU
		{378EFAB0-63C6-4A7B-8468-A68021D1B9F3}.Release|Any CPU.Build.0 = Release|Any CPU
	EndGlobalSection
	GlobalSection(SolutionProperties) = preSolution
		HideSolutionNode = FALSE
	EndGlobalSection
	GlobalSection(ExtensibilityGlobals) = postSolution
		SolutionGuid = {7D97A3D7-359A-41B2-915B-89AF100E6D41}
	EndGlobalSection
EndGlobal
